// !$*UTF8*$!
{
	archiveVersion = 1;
	classes = {
	};
	objectVersion = 46;
	objects = {

/* Begin PBXBuildFile section */
		A5CB73A3B9AAD7900EF95C0B /* Pods_Unidirectional_Test.framework in Frameworks */ = {isa = PBXBuildFile; fileRef = C865707AA359B9CF0E4EA410 /* Pods_Unidirectional_Test.framework */; };
/* End PBXBuildFile section */

/* Begin PBXFileReference section */
		55FF84821EC2320700262E2B /* Unidirectional Test.app */ = {isa = PBXFileReference; explicitFileType = wrapper.application; includeInIndex = 0; path = "Unidirectional Test.app"; sourceTree = BUILT_PRODUCTS_DIR; };
		55FF849A1EC2585000262E2B /* MyPlayground.playground */ = {isa = PBXFileReference; lastKnownFileType = file.playground; path = MyPlayground.playground; sourceTree = "<group>"; };
		6930E72C23BE392FE167D95C /* Pods-Unidirectional Test.debug.xcconfig */ = {isa = PBXFileReference; includeInIndex = 1; lastKnownFileType = text.xcconfig; name = "Pods-Unidirectional Test.debug.xcconfig"; path = "Pods/Target Support Files/Pods-Unidirectional Test/Pods-Unidirectional Test.debug.xcconfig"; sourceTree = "<group>"; };
		A7773F5A5E029E5ABE41B56A /* Pods-Unidirectional Test.release.xcconfig */ = {isa = PBXFileReference; includeInIndex = 1; lastKnownFileType = text.xcconfig; name = "Pods-Unidirectional Test.release.xcconfig"; path = "Pods/Target Support Files/Pods-Unidirectional Test/Pods-Unidirectional Test.release.xcconfig"; sourceTree = "<group>"; };
		C865707AA359B9CF0E4EA410 /* Pods_Unidirectional_Test.framework */ = {isa = PBXFileReference; explicitFileType = wrapper.framework; includeInIndex = 0; path = Pods_Unidirectional_Test.framework; sourceTree = BUILT_PRODUCTS_DIR; };
/* End PBXFileReference section */

/* Begin PBXFrameworksBuildPhase section */
		55FF847F1EC2320700262E2B /* Frameworks */ = {
			isa = PBXFrameworksBuildPhase;
			buildActionMask = 2147483647;
			files = (
				A5CB73A3B9AAD7900EF95C0B /* Pods_Unidirectional_Test.framework in Frameworks */,
			);
			runOnlyForDeploymentPostprocessing = 0;
		};
/* End PBXFrameworksBuildPhase section */

/* Begin PBXGroup section */
		211FC88BD43D90A7829B73D3 /* Pods */ = {
			isa = PBXGroup;
			children = (
				6930E72C23BE392FE167D95C /* Pods-Unidirectional Test.debug.xcconfig */,
				A7773F5A5E029E5ABE41B56A /* Pods-Unidirectional Test.release.xcconfig */,
			);
			name = Pods;
			sourceTree = "<group>";
		};
		55FF84791EC2320700262E2B = {
			isa = PBXGroup;
			children = (
				55FF84841EC2320700262E2B /* Unidirectional Test */,
				55FF84831EC2320700262E2B /* Products */,
				211FC88BD43D90A7829B73D3 /* Pods */,
				5E317BA12CFE3921EAEBF7AE /* Frameworks */,
			);
			sourceTree = "<group>";
		};
		55FF84831EC2320700262E2B /* Products */ = {
			isa = PBXGroup;
			children = (
				55FF84821EC2320700262E2B /* Unidirectional Test.app */,
			);
			name = Products;
			sourceTree = "<group>";
		};
		55FF84841EC2320700262E2B /* Unidirectional Test */ = {
			isa = PBXGroup;
			children = (
				55FF849A1EC2585000262E2B /* MyPlayground.playground */,
			);
			path = "Unidirectional Test";
			sourceTree = "<group>";
		};
		5E317BA12CFE3921EAEBF7AE /* Frameworks */ = {
			isa = PBXGroup;
			children = (
				C865707AA359B9CF0E4EA410 /* Pods_Unidirectional_Test.framework */,
			);
			name = Frameworks;
			sourceTree = "<group>";
		};
/* End PBXGroup section */

/* Begin PBXNativeTarget section */
		55FF84811EC2320700262E2B /* Unidirectional Test */ = {
			isa = PBXNativeTarget;
			buildConfigurationList = 55FF84941EC2320700262E2B /* Build configuration list for PBXNativeTarget "Unidirectional Test" */;
			buildPhases = (
				0DF9C99BA83BF1B4EAE750DD /* [CP] Check Pods Manifest.lock */,
				55FF847E1EC2320700262E2B /* Sources */,
				55FF847F1EC2320700262E2B /* Frameworks */,
				55FF84801EC2320700262E2B /* Resources */,
				B1CE112B30795478CEE37966 /* [CP] Embed Pods Frameworks */,
				E8270A3787A28ED164F73553 /* [CP] Copy Pods Resources */,
			);
			buildRules = (
			);
			dependencies = (
			);
			name = "Unidirectional Test";
			productName = "Unidirectional Test";
			productReference = 55FF84821EC2320700262E2B /* Unidirectional Test.app */;
			productType = "com.apple.product-type.application";
		};
/* End PBXNativeTarget section */

/* Begin PBXProject section */
		55FF847A1EC2320700262E2B /* Project object */ = {
			isa = PBXProject;
			attributes = {
				LastSwiftUpdateCheck = 0830;
				LastUpgradeCheck = 0830;
				ORGANIZATIONNAME = oscarvgg;
				TargetAttributes = {
					55FF84811EC2320700262E2B = {
						CreatedOnToolsVersion = 8.3.2;
						ProvisioningStyle = Automatic;
					};
				};
			};
			buildConfigurationList = 55FF847D1EC2320700262E2B /* Build configuration list for PBXProject "Unidirectional Test" */;
			compatibilityVersion = "Xcode 3.2";
			developmentRegion = English;
			hasScannedForEncodings = 0;
			knownRegions = (
				en,
				Base,
			);
			mainGroup = 55FF84791EC2320700262E2B;
			productRefGroup = 55FF84831EC2320700262E2B /* Products */;
			projectDirPath = "";
			projectRoot = "";
			targets = (
				55FF84811EC2320700262E2B /* Unidirectional Test */,
			);
		};
/* End PBXProject section */

/* Begin PBXResourcesBuildPhase section */
		55FF84801EC2320700262E2B /* Resources */ = {
			isa = PBXResourcesBuildPhase;
			buildActionMask = 2147483647;
			files = (
			);
			runOnlyForDeploymentPostprocessing = 0;
		};
/* End PBXResourcesBuildPhase section */

/* Begin PBXShellScriptBuildPhase section */
		0DF9C99BA83BF1B4EAE750DD /* [CP] Check Pods Manifest.lock */ = {
			isa = PBXShellScriptBuildPhase;
			buildActionMask = 2147483647;
			files = (
			);
			inputPaths = (
			);
			name = "[CP] Check Pods Manifest.lock";
			outputPaths = (
			);
			runOnlyForDeploymentPostprocessing = 0;
			shellPath = /bin/sh;
			shellScript = "diff \"${PODS_ROOT}/../Podfile.lock\" \"${PODS_ROOT}/Manifest.lock\" > /dev/null\nif [ $? != 0 ] ; then\n    # print error to STDERR\n    echo \"error: The sandbox is not in sync with the Podfile.lock. Run 'pod install' or update your CocoaPods installation.\" >&2\n    exit 1\nfi\n";
			showEnvVarsInLog = 0;
		};
		B1CE112B30795478CEE37966 /* [CP] Embed Pods Frameworks */ = {
			isa = PBXShellScriptBuildPhase;
			buildActionMask = 2147483647;
			files = (
			);
			inputPaths = (
			);
			name = "[CP] Embed Pods Frameworks";
			outputPaths = (
			);
			runOnlyForDeploymentPostprocessing = 0;
			shellPath = /bin/sh;
			shellScript = "\"${SRCROOT}/Pods/Target Support Files/Pods-Unidirectional Test/Pods-Unidirectional Test-frameworks.sh\"\n";
			showEnvVarsInLog = 0;
		};
		E8270A3787A28ED164F73553 /* [CP] Copy Pods Resources */ = {
			isa = PBXShellScriptBuildPhase;
			buildActionMask = 2147483647;
			files = (
			);
			inputPaths = (
			);
			name = "[CP] Copy Pods Resources";
			outputPaths = (
			);
			runOnlyForDeploymentPostprocessing = 0;
			shellPath = /bin/sh;
			shellScript = "\"${SRCROOT}/Pods/Target Support Files/Pods-Unidirectional Test/Pods-Unidirectional Test-resources.sh\"\n";
			showEnvVarsInLog = 0;
		};
/* End PBXShellScriptBuildPhase section */

/* Begin PBXSourcesBuildPhase section */
		55FF847E1EC2320700262E2B /* Sources */ = {
			isa = PBXSourcesBuildPhase;
			buildActionMask = 2147483647;
			files = (
			);
			runOnlyForDeploymentPostprocessing = 0;
		};
/* End PBXSourcesBuildPhase section */

/* Begin XCBuildConfiguration section */
		55FF84921EC2320700262E2B /* Debug */ = {
			isa = XCBuildConfiguration;
			buildSettings = {
				ALWAYS_SEARCH_USER_PATHS = NO;
				CLANG_ANALYZER_NONNULL = YES;
				CLANG_ANALYZER_NUMBER_OBJECT_CONVERSION = YES_AGGRESSIVE;
				CLANG_CXX_LANGUAGE_STANDARD = "gnu++0x";
				CLANG_CXX_LIBRARY = "libc++";
				CLANG_ENABLE_MODULES = YES;
				CLANG_ENABLE_OBJC_ARC = YES;
				CLANG_WARN_BOOL_CONVERSION = YES;
				CLANG_WARN_CONSTANT_CONVERSION = YES;
				CLANG_WARN_DIRECT_OBJC_ISA_USAGE = YES_ERROR;
				CLANG_WARN_DOCUMENTATION_COMMENTS = YES;
				CLANG_WARN_EMPTY_BODY = YES;
				CLANG_WARN_ENUM_CONVERSION = YES;
				CLANG_WARN_INFINITE_RECURSION = YES;
				CLANG_WARN_INT_CONVERSION = YES;
				CLANG_WARN_OBJC_ROOT_CLASS = YES_ERROR;
				CLANG_WARN_SUSPICIOUS_MOVE = YES;
				CLANG_WARN_UNREACHABLE_CODE = YES;
				CLANG_WARN__DUPLICATE_METHOD_MATCH = YES;
				"CODE_SIGN_IDENTITY[sdk=iphoneos*]" = "iPhone Developer";
				COPY_PHASE_STRIP = NO;
				DEBUG_INFORMATION_FORMAT = dwarf;
				ENABLE_STRICT_OBJC_MSGSEND = YES;
				ENABLE_TESTABILITY = YES;
				GCC_C_LANGUAGE_STANDARD = gnu99;
				GCC_DYNAMIC_NO_PIC = NO;
				GCC_NO_COMMON_BLOCKS = YES;
				GCC_OPTIMIZATION_LEVEL = 0;
				GCC_PREPROCESSOR_DEFINITIONS = (
					"DEBUG=1",
					"$(inherited)",
				);
				GCC_WARN_64_TO_32_BIT_CONVERSION = YES;
				GCC_WARN_ABOUT_RETURN_TYPE = YES_ERROR;
				GCC_WARN_UNDECLARED_SELECTOR = YES;
				GCC_WARN_UNINITIALIZED_AUTOS = YES_AGGRESSIVE;
				GCC_WARN_UNUSED_FUNCTION = YES;
				GCC_WARN_UNUSED_VARIABLE = YES;
				IPHONEOS_DEPLOYMENT_TARGET = 10.3;
				MTL_ENABLE_DEBUG_INFO = YES;
				ONLY_ACTIVE_ARCH = YES;
				SDKROOT = iphoneos;
				SWIFT_ACTIVE_COMPILATION_CONDITIONS = DEBUG;
				SWIFT_OPTIMIZATION_LEVEL = "-Onone";
			};
			name = Debug;
		};
		55FF84931EC2320700262E2B /* Release */ = {
			isa = XCBuildConfiguration;
			buildSettings = {
				ALWAYS_SEARCH_USER_PATHS = NO;
				CLANG_ANALYZER_NONNULL = YES;
				CLANG_ANALYZER_NUMBER_OBJECT_CONVERSION = YES_AGGRESSIVE;
				CLANG_CXX_LANGUAGE_STANDARD = "gnu++0x";
				CLANG_CXX_LIBRARY = "libc++";
				CLANG_ENABLE_MODULES = YES;
				CLANG_ENABLE_OBJC_ARC = YES;
				CLANG_WARN_BOOL_CONVERSION = YES;
				CLANG_WARN_CONSTANT_CONVERSION = YES;
				CLANG_WARN_DIRECT_OBJC_ISA_USAGE = YES_ERROR;
				CLANG_WARN_DOCUMENTATION_COMMENTS = YES;
				CLANG_WARN_EMPTY_BODY = YES;
				CLANG_WARN_ENUM_CONVERSION = YES;
				CLANG_WARN_INFINITE_RECURSION = YES;
				CLANG_WARN_INT_CONVERSION = YES;
				CLANG_WARN_OBJC_ROOT_CLASS = YES_ERROR;
				CLANG_WARN_SUSPICIOUS_MOVE = YES;
				CLANG_WARN_UNREACHABLE_CODE = YES;
				CLANG_WARN__DUPLICATE_METHOD_MATCH = YES;
				"CODE_SIGN_IDENTITY[sdk=iphoneos*]" = "iPhone Developer";
				COPY_PHASE_STRIP = NO;
				DEBUG_INFORMATION_FORMAT = "dwarf-with-dsym";
				ENABLE_NS_ASSERTIONS = NO;
				ENABLE_STRICT_OBJC_MSGSEND = YES;
				GCC_C_LANGUAGE_STANDARD = gnu99;
				GCC_NO_COMMON_BLOCKS = YES;
				GCC_WARN_64_TO_32_BIT_CONVERSION = YES;
				GCC_WARN_ABOUT_RETURN_TYPE = YES_ERROR;
				GCC_WARN_UNDECLARED_SELECTOR = YES;
				GCC_WARN_UNINITIALIZED_AUTOS = YES_AGGRESSIVE;
				GCC_WARN_UNUSED_FUNCTION = YES;
				GCC_WARN_UNUSED_VARIABLE = YES;
				IPHONEOS_DEPLOYMENT_TARGET = 10.3;
				MTL_ENABLE_DEBUG_INFO = NO;
				SDKROOT = iphoneos;
				SWIFT_OPTIMIZATION_LEVEL = "-Owholemodule";
				VALIDATE_PRODUCT = YES;
			};
			name = Release;
		};
		55FF84951EC2320700262E2B /* Debug */ = {
			isa = XCBuildConfiguration;
			baseConfigurationReference = 6930E72C23BE392FE167D95C /* Pods-Unidirectional Test.debug.xcconfig */;
			buildSettings = {
				ASSETCATALOG_COMPILER_APPICON_NAME = AppIcon;
				INFOPLIST_FILE = "Unidirectional Test/Info.plist";
				LD_RUNPATH_SEARCH_PATHS = "$(inherited) @executable_path/Frameworks";
				PRODUCT_BUNDLE_IDENTIFIER = "oscarvgg.Unidirectional-Test";
				PRODUCT_NAME = "$(TARGET_NAME)";
				SWIFT_VERSION = 3.0;
			};
			name = Debug;
		};
		55FF84961EC2320700262E2B /* Release */ = {
			isa = XCBuildConfiguration;
			baseConfigurationReference = A7773F5A5E029E5ABE41B56A /* Pods-Unidirectional Test.release.xcconfig */;
			buildSettings = {
				ASSETCATALOG_COMPILER_APPICON_NAME = AppIcon;
				INFOPLIST_FILE = "Unidirectional Test/Info.plist";
				LD_RUNPATH_SEARCH_PATHS = "$(inherited) @executable_path/Frameworks";
				PRODUCT_BUNDLE_IDENTIFIER = "oscarvgg.Unidirectional-Test";
				PRODUCT_NAME = "$(TARGET_NAME)";
				SWIFT_VERSION = 3.0;
			};
			name = Release;
		};
/* End XCBuildConfiguration section */

/* Begin XCConfigurationList section */
		55FF847D1EC2320700262E2B /* Build configuration list for PBXProject "Unidirectional Test" */ = {
			isa = XCConfigurationList;
			buildConfigurations = (
				55FF84921EC2320700262E2B /* Debug */,
				55FF84931EC2320700262E2B /* Release */,
			);
			defaultConfigurationIsVisible = 0;
			defaultConfigurationName = Release;
		};
		55FF84941EC2320700262E2B /* Build configuration list for PBXNativeTarget "Unidirectional Test" */ = {
			isa = XCConfigurationList;
			buildConfigurations = (
				55FF84951EC2320700262E2B /* Debug */,
				55FF84961EC2320700262E2B /* Release */,
			);
			defaultConfigurationIsVisible = 0;
			defaultConfigurationName = Release;
		};
/* End XCConfigurationList section */
	};
	rootObject = 55FF847A1EC2320700262E2B /* Project object */;
}
